
Microsoft Visual Studio Solution File, Format Version 12.00
Project("{FAE04EC0-301F-11D3-BF4B-00C04F79EFBC}") = "WebApi", "Backend\WebApi\WebApi.csproj", "{ECF2AFC7-F5FC-4EED-A210-71E86B901478}"
EndProject
Project("{FAE04EC0-301F-11D3-BF4B-00C04F79EFBC}") = "Infrastructure", "Backend\Infrastructure\Infrastructure.csproj", "{B18B44FD-6C00-441D-B4BC-2EC4D43767D7}"
EndProject
Project("{FAE04EC0-301F-11D3-BF4B-00C04F79EFBC}") = "Domain", "Backend\Domain\Domain.csproj", "{787701D2-8F80-4A78-92FE-E3FB65254017}"
EndProject
Project("{FAE04EC0-301F-11D3-BF4B-00C04F79EFBC}") = "Application", "Backend\Application\Application.csproj", "{44DD5897-DF60-48AE-BDEA-6E2FEF2C3F3C}"
EndProject
Project("{FAE04EC0-301F-11D3-BF4B-00C04F79EFBC}") = "Tests", "Tests\Tests.csproj", "{FA0FA1F0-F778-4839-AC4C-FE8F4A3B3718}"
EndProject
Global
	GlobalSection(SolutionConfigurationPlatforms) = preSolution
		Debug|Any CPU = Debug|Any CPU
		Release|Any CPU = Release|Any CPU
	EndGlobalSection
	GlobalSection(ProjectConfigurationPlatforms) = postSolution
		{ECF2AFC7-F5FC-4EED-A210-71E86B901478}.Debug|Any CPU.ActiveCfg = Debug|Any CPU
		{ECF2AFC7-F5FC-4EED-A210-71E86B901478}.Debug|Any CPU.Build.0 = Debug|Any CPU
		{ECF2AFC7-F5FC-4EED-A210-71E86B901478}.Release|Any CPU.ActiveCfg = Release|Any CPU
		{ECF2AFC7-F5FC-4EED-A210-71E86B901478}.Release|Any CPU.Build.0 = Release|Any CPU
		{B18B44FD-6C00-441D-B4BC-2EC4D43767D7}.Debug|Any CPU.ActiveCfg = Debug|Any CPU
		{B18B44FD-6C00-441D-B4BC-2EC4D43767D7}.Debug|Any CPU.Build.0 = Debug|Any CPU
		{B18B44FD-6C00-441D-B4BC-2EC4D43767D7}.Release|Any CPU.ActiveCfg = Release|Any CPU
		{B18B44FD-6C00-441D-B4BC-2EC4D43767D7}.Release|Any CPU.Build.0 = Release|Any CPU
		{787701D2-8F80-4A78-92FE-E3FB65254017}.Debug|Any CPU.ActiveCfg = Debug|Any CPU
		{787701D2-8F80-4A78-92FE-E3FB65254017}.Debug|Any CPU.Build.0 = Debug|Any CPU
		{787701D2-8F80-4A78-92FE-E3FB65254017}.Release|Any CPU.ActiveCfg = Release|Any CPU
		{787701D2-8F80-4A78-92FE-E3FB65254017}.Release|Any CPU.Build.0 = Release|Any CPU
		{44DD5897-DF60-48AE-BDEA-6E2FEF2C3F3C}.Debug|Any CPU.ActiveCfg = Debug|Any CPU
		{44DD5897-DF60-48AE-BDEA-6E2FEF2C3F3C}.Debug|Any CPU.Build.0 = Debug|Any CPU
		{44DD5897-DF60-48AE-BDEA-6E2FEF2C3F3C}.Release|Any CPU.ActiveCfg = Release|Any CPU
		{44DD5897-DF60-48AE-BDEA-6E2FEF2C3F3C}.Release|Any CPU.Build.0 = Release|Any CPU
		{FA0FA1F0-F778-4839-AC4C-FE8F4A3B3718}.Debug|Any CPU.ActiveCfg = Debug|Any CPU
		{FA0FA1F0-F778-4839-AC4C-FE8F4A3B3718}.Debug|Any CPU.Build.0 = Debug|Any CPU
		{FA0FA1F0-F778-4839-AC4C-FE8F4A3B3718}.Release|Any CPU.ActiveCfg = Release|Any CPU
		{FA0FA1F0-F778-4839-AC4C-FE8F4A3B3718}.Release|Any CPU.Build.0 = Release|Any CPU
	EndGlobalSection
	GlobalSection(NestedProjects) = preSolution
	EndGlobalSection
EndGlobal
