
Microsoft Visual Studio Solution File, Format Version 12.00
Project("{FAE04EC0-301F-11D3-BF4B-00C04F79EFBC}") = "Domain", "src\Domain\Domain.csproj", "{203896BA-A274-4173-B60D-3276E1199A3A}"
EndProject
Project("{FAE04EC0-301F-11D3-BF4B-00C04F79EFBC}") = "WebApi", "src\WebApi\WebApi.csproj", "{F90B4217-568D-4A36-988E-C64B69A9BA56}"
EndProject
Project("{FAE04EC0-301F-11D3-BF4B-00C04F79EFBC}") = "Application", "src\Application\Application.csproj", "{78F51C5D-5907-4961-BEAA-FE195E0AB7A7}"
EndProject
Project("{FAE04EC0-301F-11D3-BF4B-00C04F79EFBC}") = "Infrastructure", "src\Infrastructure\Infrastructure.csproj", "{88B0B7DC-E509-4896-981B-662B14FCF0BD}"
EndProject
Global
	GlobalSection(SolutionConfigurationPlatforms) = preSolution
		Debug|Any CPU = Debug|Any CPU
		Release|Any CPU = Release|Any CPU
	EndGlobalSection
	GlobalSection(ProjectConfigurationPlatforms) = postSolution
		{203896BA-A274-4173-B60D-3276E1199A3A}.Debug|Any CPU.ActiveCfg = Debug|Any CPU
		{203896BA-A274-4173-B60D-3276E1199A3A}.Debug|Any CPU.Build.0 = Debug|Any CPU
		{203896BA-A274-4173-B60D-3276E1199A3A}.Release|Any CPU.ActiveCfg = Release|Any CPU
		{203896BA-A274-4173-B60D-3276E1199A3A}.Release|Any CPU.Build.0 = Release|Any CPU
		{F90B4217-568D-4A36-988E-C64B69A9BA56}.Debug|Any CPU.ActiveCfg = Debug|Any CPU
		{F90B4217-568D-4A36-988E-C64B69A9BA56}.Debug|Any CPU.Build.0 = Debug|Any CPU
		{F90B4217-568D-4A36-988E-C64B69A9BA56}.Release|Any CPU.ActiveCfg = Release|Any CPU
		{F90B4217-568D-4A36-988E-C64B69A9BA56}.Release|Any CPU.Build.0 = Release|Any CPU
		{78F51C5D-5907-4961-BEAA-FE195E0AB7A7}.Debug|Any CPU.ActiveCfg = Debug|Any CPU
		{78F51C5D-5907-4961-BEAA-FE195E0AB7A7}.Debug|Any CPU.Build.0 = Debug|Any CPU
		{78F51C5D-5907-4961-BEAA-FE195E0AB7A7}.Release|Any CPU.ActiveCfg = Release|Any CPU
		{78F51C5D-5907-4961-BEAA-FE195E0AB7A7}.Release|Any CPU.Build.0 = Release|Any CPU
		{88B0B7DC-E509-4896-981B-662B14FCF0BD}.Debug|Any CPU.ActiveCfg = Debug|Any CPU
		{88B0B7DC-E509-4896-981B-662B14FCF0BD}.Debug|Any CPU.Build.0 = Debug|Any CPU
		{88B0B7DC-E509-4896-981B-662B14FCF0BD}.Release|Any CPU.ActiveCfg = Release|Any CPU
		{88B0B7DC-E509-4896-981B-662B14FCF0BD}.Release|Any CPU.Build.0 = Release|Any CPU
	EndGlobalSection
	GlobalSection(NestedProjects) = preSolution
	EndGlobalSection
EndGlobal
